
Microsoft Visual Studio Solution File, Format Version 12.00
# Visual Studio Version 17
VisualStudioVersion = 17.3.32929.385
MinimumVisualStudioVersion = 10.0.40219.1
Project("{FAE04EC0-301F-11D3-BF4B-00C04F79EFBC}") = "Vacunas.Entity", "Vacunas.Entity\Vacunas.Entity.csproj", "{1E8E804B-092D-440E-AA4E-E6B1BE94E4B2}"
EndProject
Project("{FAE04EC0-301F-11D3-BF4B-00C04F79EFBC}") = "Vacunas.Domain", "Vacunas.Domain\Vacunas.Domain.csproj", "{A6C16D31-913B-412C-B0DF-0121DBBB4752}"
EndProject
Project("{FAE04EC0-301F-11D3-BF4B-00C04F79EFBC}") = "Vacunas.DataAccess", "Vacunas.DataAccess\Vacunas.DataAccess.csproj", "{2BF7158D-D359-4F93-93DF-472D6053C34F}"
EndProject
Project("{FAE04EC0-301F-11D3-BF4B-00C04F79EFBC}") = "Vacunas.Presentacion", "Vacunas.Presentacion\Vacunas.Presentacion.csproj", "{881EEE5C-F45E-491F-AD10-EEB17CDE23D0}"
EndProject
Global
	GlobalSection(SolutionConfigurationPlatforms) = preSolution
		Debug|Any CPU = Debug|Any CPU
		Release|Any CPU = Release|Any CPU
	EndGlobalSection
	GlobalSection(ProjectConfigurationPlatforms) = postSolution
		{1E8E804B-092D-440E-AA4E-E6B1BE94E4B2}.Debug|Any CPU.ActiveCfg = Debug|Any CPU
		{1E8E804B-092D-440E-AA4E-E6B1BE94E4B2}.Debug|Any CPU.Build.0 = Debug|Any CPU
		{1E8E804B-092D-440E-AA4E-E6B1BE94E4B2}.Release|Any CPU.ActiveCfg = Release|Any CPU
		{1E8E804B-092D-440E-AA4E-E6B1BE94E4B2}.Release|Any CPU.Build.0 = Release|Any CPU
		{A6C16D31-913B-412C-B0DF-0121DBBB4752}.Debug|Any CPU.ActiveCfg = Debug|Any CPU
		{A6C16D31-913B-412C-B0DF-0121DBBB4752}.Debug|Any CPU.Build.0 = Debug|Any CPU
		{A6C16D31-913B-412C-B0DF-0121DBBB4752}.Release|Any CPU.ActiveCfg = Release|Any CPU
		{A6C16D31-913B-412C-B0DF-0121DBBB4752}.Release|Any CPU.Build.0 = Release|Any CPU
		{2BF7158D-D359-4F93-93DF-472D6053C34F}.Debug|Any CPU.ActiveCfg = Debug|Any CPU
		{2BF7158D-D359-4F93-93DF-472D6053C34F}.Debug|Any CPU.Build.0 = Debug|Any CPU
		{2BF7158D-D359-4F93-93DF-472D6053C34F}.Release|Any CPU.ActiveCfg = Release|Any CPU
		{2BF7158D-D359-4F93-93DF-472D6053C34F}.Release|Any CPU.Build.0 = Release|Any CPU
		{881EEE5C-F45E-491F-AD10-EEB17CDE23D0}.Debug|Any CPU.ActiveCfg = Debug|Any CPU
		{881EEE5C-F45E-491F-AD10-EEB17CDE23D0}.Debug|Any CPU.Build.0 = Debug|Any CPU
		{881EEE5C-F45E-491F-AD10-EEB17CDE23D0}.Release|Any CPU.ActiveCfg = Release|Any CPU
		{881EEE5C-F45E-491F-AD10-EEB17CDE23D0}.Release|Any CPU.Build.0 = Release|Any CPU
	EndGlobalSection
	GlobalSection(SolutionProperties) = preSolution
		HideSolutionNode = FALSE
	EndGlobalSection
	GlobalSection(ExtensibilityGlobals) = postSolution
		SolutionGuid = {2EAC89BD-E030-431D-9699-18687813EB34}
	EndGlobalSection
EndGlobal
